
Microsoft Visual Studio Solution File, Format Version 12.00
# Visual Studio Version 17
VisualStudioVersion = 17.9.34607.119
MinimumVisualStudioVersion = 10.0.40219.1
Project("{9A19103F-16F7-4668-BE54-9A1E7A4F7556}") = "BookMvc", "BookMvc\BookMvc.csproj", "{F7ECD1F3-738E-4461-8C4C-ACF9D9A8F30A}"
EndProject
Project("{FAE04EC0-301F-11D3-BF4B-00C04F79EFBC}") = "Core", "Core\Core.csproj", "{FC049BDA-6F37-4595-AE8B-C3E661B5920E}"
EndProject
Project("{FAE04EC0-301F-11D3-BF4B-00C04F79EFBC}") = "Infrastracture", "Infrastracture\Infrastracture.csproj", "{BF18785B-D819-459D-B5BD-0AB4BBC7F37F}"
EndProject
Global
	GlobalSection(SolutionConfigurationPlatforms) = preSolution
		Debug|Any CPU = Debug|Any CPU
		Release|Any CPU = Release|Any CPU
	EndGlobalSection
	GlobalSection(ProjectConfigurationPlatforms) = postSolution
		{F7ECD1F3-738E-4461-8C4C-ACF9D9A8F30A}.Debug|Any CPU.ActiveCfg = Debug|Any CPU
		{F7ECD1F3-738E-4461-8C4C-ACF9D9A8F30A}.Debug|Any CPU.Build.0 = Debug|Any CPU
		{F7ECD1F3-738E-4461-8C4C-ACF9D9A8F30A}.Release|Any CPU.ActiveCfg = Release|Any CPU
		{F7ECD1F3-738E-4461-8C4C-ACF9D9A8F30A}.Release|Any CPU.Build.0 = Release|Any CPU
		{FC049BDA-6F37-4595-AE8B-C3E661B5920E}.Debug|Any CPU.ActiveCfg = Debug|Any CPU
		{FC049BDA-6F37-4595-AE8B-C3E661B5920E}.Debug|Any CPU.Build.0 = Debug|Any CPU
		{FC049BDA-6F37-4595-AE8B-C3E661B5920E}.Release|Any CPU.ActiveCfg = Release|Any CPU
		{FC049BDA-6F37-4595-AE8B-C3E661B5920E}.Release|Any CPU.Build.0 = Release|Any CPU
		{BF18785B-D819-459D-B5BD-0AB4BBC7F37F}.Debug|Any CPU.ActiveCfg = Debug|Any CPU
		{BF18785B-D819-459D-B5BD-0AB4BBC7F37F}.Debug|Any CPU.Build.0 = Debug|Any CPU
		{BF18785B-D819-459D-B5BD-0AB4BBC7F37F}.Release|Any CPU.ActiveCfg = Release|Any CPU
		{BF18785B-D819-459D-B5BD-0AB4BBC7F37F}.Release|Any CPU.Build.0 = Release|Any CPU
	EndGlobalSection
	GlobalSection(SolutionProperties) = preSolution
		HideSolutionNode = FALSE
	EndGlobalSection
	GlobalSection(ExtensibilityGlobals) = postSolution
		SolutionGuid = {3BA910EA-CA22-484F-AF27-65BDD0ECEEE4}
	EndGlobalSection
EndGlobal
